
Microsoft Visual Studio Solution File, Format Version 12.00
# Visual Studio Version 16
VisualStudioVersion = 16.0.30611.23
MinimumVisualStudioVersion = 10.0.40219.1
Project("{9A19103F-16F7-4668-BE54-9A1E7A4F7556}") = "Sample.Web.API", "Sample.Web.API\Sample.Web.API.csproj", "{D081F0F5-3ADC-484D-8128-2C6C64351DB2}"
EndProject
Project("{9A19103F-16F7-4668-BE54-9A1E7A4F7556}") = "Sample.ServiceContract", "Sample.ServiceContract\Sample.ServiceContract.csproj", "{BE06CD4A-E339-4CBA-9A80-558D5D4E9952}"
EndProject
Project("{9A19103F-16F7-4668-BE54-9A1E7A4F7556}") = "Sample.Service", "Sample.Service\Sample.Service.csproj", "{CECB6D9B-3999-4637-8712-B19CD0EC77CC}"
EndProject
Project("{9A19103F-16F7-4668-BE54-9A1E7A4F7556}") = "Sample.RepositoryContract", "Sample.RepositoryContract\Sample.RepositoryContract.csproj", "{C49ED933-AAE1-4DC3-AFC1-5F7DF97BF268}"
	ProjectSection(ProjectDependencies) = postProject
		{C04AC808-042E-4A7A-AB3D-505C2401ABCD} = {C04AC808-042E-4A7A-AB3D-505C2401ABCD}
	EndProjectSection
EndProject
Project("{9A19103F-16F7-4668-BE54-9A1E7A4F7556}") = "Sample.Repository", "Sample.Repository\Sample.Repository.csproj", "{7B42C063-450D-4D78-A645-359645DBA79C}"
EndProject
Project("{9A19103F-16F7-4668-BE54-9A1E7A4F7556}") = "Sample.DataContract", "Sample.DataContract\Sample.DataContract.csproj", "{66432389-E76E-4411-8AC9-A3275D409AA9}"
EndProject
Project("{9A19103F-16F7-4668-BE54-9A1E7A4F7556}") = "Sample.Common", "Sample.Common\Sample.Common.csproj", "{C04AC808-042E-4A7A-AB3D-505C2401ABCD}"
EndProject
Project("{2150E333-8FDC-42A3-9474-1A3956D46DE8}") = "Solution Items", "Solution Items", "{8DE821D1-A765-4588-A71F-020E3B093A74}"
	ProjectSection(SolutionItems) = preProject
		.editorconfig = .editorconfig
	EndProjectSection
EndProject
Global
	GlobalSection(SolutionConfigurationPlatforms) = preSolution
		Debug|Any CPU = Debug|Any CPU
		Release|Any CPU = Release|Any CPU
	EndGlobalSection
	GlobalSection(ProjectConfigurationPlatforms) = postSolution
		{D081F0F5-3ADC-484D-8128-2C6C64351DB2}.Debug|Any CPU.ActiveCfg = Debug|Any CPU
		{D081F0F5-3ADC-484D-8128-2C6C64351DB2}.Debug|Any CPU.Build.0 = Debug|Any CPU
		{D081F0F5-3ADC-484D-8128-2C6C64351DB2}.Release|Any CPU.ActiveCfg = Release|Any CPU
		{D081F0F5-3ADC-484D-8128-2C6C64351DB2}.Release|Any CPU.Build.0 = Release|Any CPU
		{BE06CD4A-E339-4CBA-9A80-558D5D4E9952}.Debug|Any CPU.ActiveCfg = Debug|Any CPU
		{BE06CD4A-E339-4CBA-9A80-558D5D4E9952}.Debug|Any CPU.Build.0 = Debug|Any CPU
		{BE06CD4A-E339-4CBA-9A80-558D5D4E9952}.Release|Any CPU.ActiveCfg = Release|Any CPU
		{BE06CD4A-E339-4CBA-9A80-558D5D4E9952}.Release|Any CPU.Build.0 = Release|Any CPU
		{CECB6D9B-3999-4637-8712-B19CD0EC77CC}.Debug|Any CPU.ActiveCfg = Debug|Any CPU
		{CECB6D9B-3999-4637-8712-B19CD0EC77CC}.Debug|Any CPU.Build.0 = Debug|Any CPU
		{CECB6D9B-3999-4637-8712-B19CD0EC77CC}.Release|Any CPU.ActiveCfg = Release|Any CPU
		{CECB6D9B-3999-4637-8712-B19CD0EC77CC}.Release|Any CPU.Build.0 = Release|Any CPU
		{C49ED933-AAE1-4DC3-AFC1-5F7DF97BF268}.Debug|Any CPU.ActiveCfg = Debug|Any CPU
		{C49ED933-AAE1-4DC3-AFC1-5F7DF97BF268}.Debug|Any CPU.Build.0 = Debug|Any CPU
		{C49ED933-AAE1-4DC3-AFC1-5F7DF97BF268}.Release|Any CPU.ActiveCfg = Release|Any CPU
		{C49ED933-AAE1-4DC3-AFC1-5F7DF97BF268}.Release|Any CPU.Build.0 = Release|Any CPU
		{7B42C063-450D-4D78-A645-359645DBA79C}.Debug|Any CPU.ActiveCfg = Debug|Any CPU
		{7B42C063-450D-4D78-A645-359645DBA79C}.Debug|Any CPU.Build.0 = Debug|Any CPU
		{7B42C063-450D-4D78-A645-359645DBA79C}.Release|Any CPU.ActiveCfg = Release|Any CPU
		{7B42C063-450D-4D78-A645-359645DBA79C}.Release|Any CPU.Build.0 = Release|Any CPU
		{66432389-E76E-4411-8AC9-A3275D409AA9}.Debug|Any CPU.ActiveCfg = Debug|Any CPU
		{66432389-E76E-4411-8AC9-A3275D409AA9}.Debug|Any CPU.Build.0 = Debug|Any CPU
		{66432389-E76E-4411-8AC9-A3275D409AA9}.Release|Any CPU.ActiveCfg = Release|Any CPU
		{66432389-E76E-4411-8AC9-A3275D409AA9}.Release|Any CPU.Build.0 = Release|Any CPU
		{C04AC808-042E-4A7A-AB3D-505C2401ABCD}.Debug|Any CPU.ActiveCfg = Debug|Any CPU
		{C04AC808-042E-4A7A-AB3D-505C2401ABCD}.Debug|Any CPU.Build.0 = Debug|Any CPU
		{C04AC808-042E-4A7A-AB3D-505C2401ABCD}.Release|Any CPU.ActiveCfg = Release|Any CPU
		{C04AC808-042E-4A7A-AB3D-505C2401ABCD}.Release|Any CPU.Build.0 = Release|Any CPU
	EndGlobalSection
	GlobalSection(SolutionProperties) = preSolution
		HideSolutionNode = FALSE
	EndGlobalSection
	GlobalSection(ExtensibilityGlobals) = postSolution
		SolutionGuid = {1F9F8641-BEB4-4DA2-810C-73C40CF54827}
	EndGlobalSection
EndGlobal
